Microsoft Visual Studio Solution File, Format Version 12.00
# Visual Studio Version 17
VisualStudioVersion = 17.5.2.0
MinimumVisualStudioVersion = 10.0.40219.1
Project("{FAE04EC0-301F-11D3-BF4B-00C04F79EFBC}") = "DCIT318-ASSIGNMENT3-11134106", "DCIT318-ASSIGNMENT3-11134106.csproj", "{F90E7060-BCC7-D669-F6E1-C871565E6C22}"
EndProject
Global
	GlobalSection(SolutionConfigurationPlatforms) = preSolution
		Debug|Any CPU = Debug|Any CPU
		Release|Any CPU = Release|Any CPU
	EndGlobalSection
	GlobalSection(ProjectConfigurationPlatforms) = postSolution
		{F90E7060-BCC7-D669-F6E1-C871565E6C22}.Debug|Any CPU.ActiveCfg = Debug|Any CPU
		{F90E7060-BCC7-D669-F6E1-C871565E6C22}.Debug|Any CPU.Build.0 = Debug|Any CPU
		{F90E7060-BCC7-D669-F6E1-C871565E6C22}.Release|Any CPU.ActiveCfg = Release|Any CPU
		{F90E7060-BCC7-D669-F6E1-C871565E6C22}.Release|Any CPU.Build.0 = Release|Any CPU
	EndGlobalSection
	GlobalSection(SolutionProperties) = preSolution
		HideSolutionNode = FALSE
	EndGlobalSection
	GlobalSection(ExtensibilityGlobals) = postSolution
		SolutionGuid = {15E1A77F-3393-4175-974E-C6B878B387E3}
	EndGlobalSection
EndGlobal
